
Microsoft Visual Studio Solution File, Format Version 12.00
# Visual Studio Version 17
VisualStudioVersion = 17.2.32516.85
MinimumVisualStudioVersion = 10.0.40219.1
Project("{FAE04EC0-301F-11D3-BF4B-00C04F79EFBC}") = "Tuan5_LeNgocHueTran", "Tuan5_LeNgocHueTran\Tuan5_LeNgocHueTran.csproj", "{54C94B44-568B-4E2F-ADFF-45149D7DEF31}"
EndProject
Global
	GlobalSection(SolutionConfigurationPlatforms) = preSolution
		Debug|Any CPU = Debug|Any CPU
		Release|Any CPU = Release|Any CPU
	EndGlobalSection
	GlobalSection(ProjectConfigurationPlatforms) = postSolution
		{54C94B44-568B-4E2F-ADFF-45149D7DEF31}.Debug|Any CPU.ActiveCfg = Debug|Any CPU
		{54C94B44-568B-4E2F-ADFF-45149D7DEF31}.Debug|Any CPU.Build.0 = Debug|Any CPU
		{54C94B44-568B-4E2F-ADFF-45149D7DEF31}.Release|Any CPU.ActiveCfg = Release|Any CPU
		{54C94B44-568B-4E2F-ADFF-45149D7DEF31}.Release|Any CPU.Build.0 = Release|Any CPU
	EndGlobalSection
	GlobalSection(SolutionProperties) = preSolution
		HideSolutionNode = FALSE
	EndGlobalSection
	GlobalSection(ExtensibilityGlobals) = postSolution
		SolutionGuid = {EC8A3B0D-54F9-4B0D-8DB3-6A283EB56D9C}
	EndGlobalSection
EndGlobal
